PODS:
  - Sentry (7.2.8):
    - Sentry/Core (= 7.2.8)
  - Sentry/Core (7.2.8)

DEPENDENCIES:
  - Sentry (from `https://github.com/getsentry/sentry-cocoa.git`, tag `7.2.8`)

EXTERNAL SOURCES:
  Sentry:
    :git: https://github.com/getsentry/sentry-cocoa.git
    :tag: 7.2.8

CHECKOUT OPTIONS:
  Sentry:
    :git: https://github.com/getsentry/sentry-cocoa.git
    :tag: 7.2.8

SPEC CHECKSUMS:
  Sentry: f315ca2086f72f825b1b2e0cdebe81b44131cbd2

PODFILE CHECKSUM: fc8a6a8dd01448e7213ddd952707582545c14365

COCOAPODS: 1.10.1
