// !$*UTF8*$!
{
	archiveVersion = 1;
	classes = {
	};
	objectVersion = 51;
	objects = {

/* Begin PBXBuildFile section */
		7174B23C54773A155B560AD3 /* Pods_SentryExample.framework in Frameworks */ = {isa = PBXBuildFile; fileRef = 2B6467BE79A81D659C0DCA3C /* Pods_SentryExample.framework */; };
		D0F9A8ED26E8F6BA008C4CAE /* AppDelegate.swift in Sources */ = {isa = PBXBuildFile; fileRef = D0F9A8EC26E8F6BA008C4CAE /* AppDelegate.swift */; };
		D0F9A8F126E8F6BA008C4CAE /* ViewController.swift in Sources */ = {isa = PBXBuildFile; fileRef = D0F9A8F026E8F6BA008C4CAE /* ViewController.swift */; };
		D0F9A8F426E8F6BA008C4CAE /* Main.storyboard in Resources */ = {isa = PBXBuildFile; fileRef = D0F9A8F226E8F6BA008C4CAE /* Main.storyboard */; };
		D0F9A8F626E8F6BC008C4CAE /* Assets.xcassets in Resources */ = {isa = PBXBuildFile; fileRef = D0F9A8F526E8F6BC008C4CAE /* Assets.xcassets */; };
		D0F9A8F926E8F6BC008C4CAE /* LaunchScreen.storyboard in Resources */ = {isa = PBXBuildFile; fileRef = D0F9A8F726E8F6BC008C4CAE /* LaunchScreen.storyboard */; };
		D0F9A90426E8F6BD008C4CAE /* SentryExampleTests.swift in Sources */ = {isa = PBXBuildFile; fileRef = D0F9A90326E8F6BD008C4CAE /* SentryExampleTests.swift */; };
		D0F9A90F26E8F6BD008C4CAE /* SentryExampleUITests.swift in Sources */ = {isa = PBXBuildFile; fileRef = D0F9A90E26E8F6BD008C4CAE /* SentryExampleUITests.swift */; };
/* End PBXBuildFile section */

/* Begin PBXContainerItemProxy section */
		D0F9A90026E8F6BD008C4CAE /* PBXContainerItemProxy */ = {
			isa = PBXContainerItemProxy;
			containerPortal = D0F9A8E126E8F6BA008C4CAE /* Project object */;
			proxyType = 1;
			remoteGlobalIDString = D0F9A8E826E8F6BA008C4CAE;
			remoteInfo = SentryExample;
		};
		D0F9A90B26E8F6BD008C4CAE /* PBXContainerItemProxy */ = {
			isa = PBXContainerItemProxy;
			containerPortal = D0F9A8E126E8F6BA008C4CAE /* Project object */;
			proxyType = 1;
			remoteGlobalIDString = D0F9A8E826E8F6BA008C4CAE;
			remoteInfo = SentryExample;
		};
/* End PBXContainerItemProxy section */

/* Begin PBXFileReference section */
		2B6467BE79A81D659C0DCA3C /* Pods_SentryExample.framework */ = {isa = PBXFileReference; explicitFileType = wrapper.framework; includeInIndex = 0; path = Pods_SentryExample.framework; sourceTree = BUILT_PRODUCTS_DIR; };
		6BB96B8BBBDA00B6DA4314C5 /* Pods-SentryExample.debug.xcconfig */ = {isa = PBXFileReference; includeInIndex = 1; lastKnownFileType = text.xcconfig; name = "Pods-SentryExample.debug.xcconfig"; path = "Target Support Files/Pods-SentryExample/Pods-SentryExample.debug.xcconfig"; sourceTree = "<group>"; };
		799A78EBA919B5163D184982 /* Pods-SentryExample.release.xcconfig */ = {isa = PBXFileReference; includeInIndex = 1; lastKnownFileType = text.xcconfig; name = "Pods-SentryExample.release.xcconfig"; path = "Target Support Files/Pods-SentryExample/Pods-SentryExample.release.xcconfig"; sourceTree = "<group>"; };
		D0F9A8E926E8F6BA008C4CAE /* SentryExample.app */ = {isa = PBXFileReference; explicitFileType = wrapper.application; includeInIndex = 0; path = SentryExample.app; sourceTree = BUILT_PRODUCTS_DIR; };
		D0F9A8EC26E8F6BA008C4CAE /* AppDelegate.swift */ = {isa = PBXFileReference; lastKnownFileType = sourcecode.swift; path = AppDelegate.swift; sourceTree = "<group>"; };
		D0F9A8F026E8F6BA008C4CAE /* ViewController.swift */ = {isa = PBXFileReference; lastKnownFileType = sourcecode.swift; path = ViewController.swift; sourceTree = "<group>"; };
		D0F9A8F326E8F6BA008C4CAE /* Base */ = {isa = PBXFileReference; lastKnownFileType = file.storyboard; name = Base; path = Base.lproj/Main.storyboard; sourceTree = "<group>"; };
		D0F9A8F526E8F6BC008C4CAE /* Assets.xcassets */ = {isa = PBXFileReference; lastKnownFileType = folder.assetcatalog; path = Assets.xcassets; sourceTree = "<group>"; };
		D0F9A8F826E8F6BC008C4CAE /* Base */ = {isa = PBXFileReference; lastKnownFileType = file.storyboard; name = Base; path = Base.lproj/LaunchScreen.storyboard; sourceTree = "<group>"; };
		D0F9A8FA26E8F6BC008C4CAE /* Info.plist */ = {isa = PBXFileReference; lastKnownFileType = text.plist.xml; path = Info.plist; sourceTree = "<group>"; };
		D0F9A8FF26E8F6BD008C4CAE /* SentryExampleTests.xctest */ = {isa = PBXFileReference; explicitFileType = wrapper.cfbundle; includeInIndex = 0; path = SentryExampleTests.xctest; sourceTree = BUILT_PRODUCTS_DIR; };
		D0F9A90326E8F6BD008C4CAE /* SentryExampleTests.swift */ = {isa = PBXFileReference; lastKnownFileType = sourcecode.swift; path = SentryExampleTests.swift; sourceTree = "<group>"; };
		D0F9A90526E8F6BD008C4CAE /* Info.plist */ = {isa = PBXFileReference; lastKnownFileType = text.plist.xml; path = Info.plist; sourceTree = "<group>"; };
		D0F9A90A26E8F6BD008C4CAE /* SentryExampleUITests.xctest */ = {isa = PBXFileReference; explicitFileType = wrapper.cfbundle; includeInIndex = 0; path = SentryExampleUITests.xctest; sourceTree = BUILT_PRODUCTS_DIR; };
		D0F9A90E26E8F6BD008C4CAE /* SentryExampleUITests.swift */ = {isa = PBXFileReference; lastKnownFileType = sourcecode.swift; path = SentryExampleUITests.swift; sourceTree = "<group>"; };
		D0F9A91026E8F6BD008C4CAE /* Info.plist */ = {isa = PBXFileReference; lastKnownFileType = text.plist.xml; path = Info.plist; sourceTree = "<group>"; };
/* End PBXFileReference section */

/* Begin PBXFrameworksBuildPhase section */
		D0F9A8E626E8F6BA008C4CAE /* Frameworks */ = {
			isa = PBXFrameworksBuildPhase;
			buildActionMask = 2147483647;
			files = (
				7174B23C54773A155B560AD3 /* Pods_SentryExample.framework in Frameworks */,
			);
			runOnlyForDeploymentPostprocessing = 0;
		};
		D0F9A8FC26E8F6BD008C4CAE /* Frameworks */ = {
			isa = PBXFrameworksBuildPhase;
			buildActionMask = 2147483647;
			files = (
			);
			runOnlyForDeploymentPostprocessing = 0;
		};
		D0F9A90726E8F6BD008C4CAE /* Frameworks */ = {
			isa = PBXFrameworksBuildPhase;
			buildActionMask = 2147483647;
			files = (
			);
			runOnlyForDeploymentPostprocessing = 0;
		};
/* End PBXFrameworksBuildPhase section */

/* Begin PBXGroup section */
		4DC88F35741F97AB476B4010 /* Pods */ = {
			isa = PBXGroup;
			children = (
				6BB96B8BBBDA00B6DA4314C5 /* Pods-SentryExample.debug.xcconfig */,
				799A78EBA919B5163D184982 /* Pods-SentryExample.release.xcconfig */,
			);
			path = Pods;
			sourceTree = "<group>";
		};
		D0F9A8E026E8F6BA008C4CAE = {
			isa = PBXGroup;
			children = (
				D0F9A8EB26E8F6BA008C4CAE /* SentryExample */,
				D0F9A90226E8F6BD008C4CAE /* SentryExampleTests */,
				D0F9A90D26E8F6BD008C4CAE /* SentryExampleUITests */,
				D0F9A8EA26E8F6BA008C4CAE /* Products */,
				4DC88F35741F97AB476B4010 /* Pods */,
				E04DA2C1F6BCDEE2D99C621E /* Frameworks */,
			);
			sourceTree = "<group>";
		};
		D0F9A8EA26E8F6BA008C4CAE /* Products */ = {
			isa = PBXGroup;
			children = (
				D0F9A8E926E8F6BA008C4CAE /* SentryExample.app */,
				D0F9A8FF26E8F6BD008C4CAE /* SentryExampleTests.xctest */,
				D0F9A90A26E8F6BD008C4CAE /* SentryExampleUITests.xctest */,
			);
			name = Products;
			sourceTree = "<group>";
		};
		D0F9A8EB26E8F6BA008C4CAE /* SentryExample */ = {
			isa = PBXGroup;
			children = (
				D0F9A8EC26E8F6BA008C4CAE /* AppDelegate.swift */,
				D0F9A8F026E8F6BA008C4CAE /* ViewController.swift */,
				D0F9A8F226E8F6BA008C4CAE /* Main.storyboard */,
				D0F9A8F526E8F6BC008C4CAE /* Assets.xcassets */,
				D0F9A8F726E8F6BC008C4CAE /* LaunchScreen.storyboard */,
				D0F9A8FA26E8F6BC008C4CAE /* Info.plist */,
			);
			path = SentryExample;
			sourceTree = "<group>";
		};
		D0F9A90226E8F6BD008C4CAE /* SentryExampleTests */ = {
			isa = PBXGroup;
			children = (
				D0F9A90326E8F6BD008C4CAE /* SentryExampleTests.swift */,
				D0F9A90526E8F6BD008C4CAE /* Info.plist */,
			);
			path = SentryExampleTests;
			sourceTree = "<group>";
		};
		D0F9A90D26E8F6BD008C4CAE /* SentryExampleUITests */ = {
			isa = PBXGroup;
			children = (
				D0F9A90E26E8F6BD008C4CAE /* SentryExampleUITests.swift */,
				D0F9A91026E8F6BD008C4CAE /* Info.plist */,
			);
			path = SentryExampleUITests;
			sourceTree = "<group>";
		};
		E04DA2C1F6BCDEE2D99C621E /* Frameworks */ = {
			isa = PBXGroup;
			children = (
				2B6467BE79A81D659C0DCA3C /* Pods_SentryExample.framework */,
			);
			name = Frameworks;
			sourceTree = "<group>";
		};
/* End PBXGroup section */

/* Begin PBXNativeTarget section */
		D0F9A8E826E8F6BA008C4CAE /* SentryExample */ = {
			isa = PBXNativeTarget;
			buildConfigurationList = D0F9A91326E8F6BD008C4CAE /* Build configuration list for PBXNativeTarget "SentryExample" */;
			buildPhases = (
				58DB013E844028178362CA90 /* [CP] Check Pods Manifest.lock */,
				D0F9A8E526E8F6BA008C4CAE /* Sources */,
				D0F9A8E626E8F6BA008C4CAE /* Frameworks */,
				D0F9A8E726E8F6BA008C4CAE /* Resources */,
				C16B7D6F2FB2753222F62B8E /* [CP] Embed Pods Frameworks */,
				D0F9A91D26E91C22008C4CAE /* ShellScript */,
			);
			buildRules = (
			);
			dependencies = (
			);
			name = SentryExample;
			productName = SentryExample;
			productReference = D0F9A8E926E8F6BA008C4CAE /* SentryExample.app */;
			productType = "com.apple.product-type.application";
		};
		D0F9A8FE26E8F6BD008C4CAE /* SentryExampleTests */ = {
			isa = PBXNativeTarget;
			buildConfigurationList = D0F9A91626E8F6BD008C4CAE /* Build configuration list for PBXNativeTarget "SentryExampleTests" */;
			buildPhases = (
				D0F9A8FB26E8F6BD008C4CAE /* Sources */,
				D0F9A8FC26E8F6BD008C4CAE /* Frameworks */,
				D0F9A8FD26E8F6BD008C4CAE /* Resources */,
			);
			buildRules = (
			);
			dependencies = (
				D0F9A90126E8F6BD008C4CAE /* PBXTargetDependency */,
			);
			name = SentryExampleTests;
			productName = SentryExampleTests;
			productReference = D0F9A8FF26E8F6BD008C4CAE /* SentryExampleTests.xctest */;
			productType = "com.apple.product-type.bundle.unit-test";
		};
		D0F9A90926E8F6BD008C4CAE /* SentryExampleUITests */ = {
			isa = PBXNativeTarget;
			buildConfigurationList = D0F9A91926E8F6BD008C4CAE /* Build configuration list for PBXNativeTarget "SentryExampleUITests" */;
			buildPhases = (
				D0F9A90626E8F6BD008C4CAE /* Sources */,
				D0F9A90726E8F6BD008C4CAE /* Frameworks */,
				D0F9A90826E8F6BD008C4CAE /* Resources */,
			);
			buildRules = (
			);
			dependencies = (
				D0F9A90C26E8F6BD008C4CAE /* PBXTargetDependency */,
			);
			name = SentryExampleUITests;
			productName = SentryExampleUITests;
			productReference = D0F9A90A26E8F6BD008C4CAE /* SentryExampleUITests.xctest */;
			productType = "com.apple.product-type.bundle.ui-testing";
		};
/* End PBXNativeTarget section */

/* Begin PBXProject section */
		D0F9A8E126E8F6BA008C4CAE /* Project object */ = {
			isa = PBXProject;
			attributes = {
				LastSwiftUpdateCheck = 1250;
				LastUpgradeCheck = 1250;
				TargetAttributes = {
					D0F9A8E826E8F6BA008C4CAE = {
						CreatedOnToolsVersion = 12.5.1;
					};
					D0F9A8FE26E8F6BD008C4CAE = {
						CreatedOnToolsVersion = 12.5.1;
						TestTargetID = D0F9A8E826E8F6BA008C4CAE;
					};
					D0F9A90926E8F6BD008C4CAE = {
						CreatedOnToolsVersion = 12.5.1;
						TestTargetID = D0F9A8E826E8F6BA008C4CAE;
					};
				};
			};
			buildConfigurationList = D0F9A8E426E8F6BA008C4CAE /* Build configuration list for PBXProject "SentryExample" */;
			compatibilityVersion = "Xcode 9.3";
			developmentRegion = en;
			hasScannedForEncodings = 0;
			knownRegions = (
				en,
				Base,
			);
			mainGroup = D0F9A8E026E8F6BA008C4CAE;
			productRefGroup = D0F9A8EA26E8F6BA008C4CAE /* Products */;
			projectDirPath = "";
			projectRoot = "";
			targets = (
				D0F9A8E826E8F6BA008C4CAE /* SentryExample */,
				D0F9A8FE26E8F6BD008C4CAE /* SentryExampleTests */,
				D0F9A90926E8F6BD008C4CAE /* SentryExampleUITests */,
			);
		};
/* End PBXProject section */

/* Begin PBXResourcesBuildPhase section */
		D0F9A8E726E8F6BA008C4CAE /* Resources */ = {
			isa = PBXResourcesBuildPhase;
			buildActionMask = 2147483647;
			files = (
				D0F9A8F926E8F6BC008C4CAE /* LaunchScreen.storyboard in Resources */,
				D0F9A8F626E8F6BC008C4CAE /* Assets.xcassets in Resources */,
				D0F9A8F426E8F6BA008C4CAE /* Main.storyboard in Resources */,
			);
			runOnlyForDeploymentPostprocessing = 0;
		};
		D0F9A8FD26E8F6BD008C4CAE /* Resources */ = {
			isa = PBXResourcesBuildPhase;
			buildActionMask = 2147483647;
			files = (
			);
			runOnlyForDeploymentPostprocessing = 0;
		};
		D0F9A90826E8F6BD008C4CAE /* Resources */ = {
			isa = PBXResourcesBuildPhase;
			buildActionMask = 2147483647;
			files = (
			);
			runOnlyForDeploymentPostprocessing = 0;
		};
/* End PBXResourcesBuildPhase section */

/* Begin PBXShellScriptBuildPhase section */
		58DB013E844028178362CA90 /* [CP] Check Pods Manifest.lock */ = {
			isa = PBXShellScriptBuildPhase;
			buildActionMask = 2147483647;
			files = (
			);
			inputFileListPaths = (
			);
			inputPaths = (
				"${PODS_PODFILE_DIR_PATH}/Podfile.lock",
				"${PODS_ROOT}/Manifest.lock",
			);
			name = "[CP] Check Pods Manifest.lock";
			outputFileListPaths = (
			);
			outputPaths = (
				"$(DERIVED_FILE_DIR)/Pods-SentryExample-checkManifestLockResult.txt",
			);
			runOnlyForDeploymentPostprocessing = 0;
			shellPath = /bin/sh;
			shellScript = "diff \"${PODS_PODFILE_DIR_PATH}/Podfile.lock\" \"${PODS_ROOT}/Manifest.lock\" > /dev/null\nif [ $? != 0 ] ; then\n    # print error to STDERR\n    echo \"error: The sandbox is not in sync with the Podfile.lock. Run 'pod install' or update your CocoaPods installation.\" >&2\n    exit 1\nfi\n# This output is used by Xcode 'outputs' to avoid re-running this script phase.\necho \"SUCCESS\" > \"${SCRIPT_OUTPUT_FILE_0}\"\n";
			showEnvVarsInLog = 0;
		};
		C16B7D6F2FB2753222F62B8E /* [CP] Embed Pods Frameworks */ = {
			isa = PBXShellScriptBuildPhase;
			buildActionMask = 2147483647;
			files = (
			);
			inputFileListPaths = (
				"${PODS_ROOT}/Target Support Files/Pods-SentryExample/Pods-SentryExample-frameworks-${CONFIGURATION}-input-files.xcfilelist",
			);
			name = "[CP] Embed Pods Frameworks";
			outputFileListPaths = (
				"${PODS_ROOT}/Target Support Files/Pods-SentryExample/Pods-SentryExample-frameworks-${CONFIGURATION}-output-files.xcfilelist",
			);
			runOnlyForDeploymentPostprocessing = 0;
			shellPath = /bin/sh;
			shellScript = "\"${PODS_ROOT}/Target Support Files/Pods-SentryExample/Pods-SentryExample-frameworks.sh\"\n";
			showEnvVarsInLog = 0;
		};
		D0F9A91D26E91C22008C4CAE /* ShellScript */ = {
			isa = PBXShellScriptBuildPhase;
			buildActionMask = 2147483647;
			files = (
			);
			inputFileListPaths = (
			);
			inputPaths = (
				"${DWARF_DSYM_FOLDER_PATH}/${DWARF_DSYM_FILE_NAME}/Contents/Resources/DWARF/${TARGET_NAME}\n",
			);
			outputFileListPaths = (
			);
			outputPaths = (
			);
			runOnlyForDeploymentPostprocessing = 0;
			shellPath = /bin/sh;
			shellScript = "# Type a script or drag a script file from your workspace to insert its path.\nif which sentry-cli >/dev/null; then\nexport SENTRY_ORG=faraz-karimi\nexport SENTRY_PROJECT=faraz-karimi\nexport SENTRY_AUTH_TOKEN=2e499177d9cb407590db4e5093e342c8102f21d14de94d079c431213660b8965\nERROR=$(sentry-cli upload-dif \"$DWARF_DSYM_FOLDER_PATH\" 2>&1 >/dev/null)\nexport SENTRY_URL=https://mysentry.invalid/\nif [ ! $? -eq 0 ]; then\necho \"warning: sentry-cli - $ERROR\"\nfi\nelse\necho \"warning: sentry-cli not installed, download from https://github.com/getsentry/sentry-cli/releases\"\nfi\n";
		};
/* End PBXShellScriptBuildPhase section */

/* Begin PBXSourcesBuildPhase section */
		D0F9A8E526E8F6BA008C4CAE /* Sources */ = {
			isa = PBXSourcesBuildPhase;
			buildActionMask = 2147483647;
			files = (
				D0F9A8F126E8F6BA008C4CAE /* ViewController.swift in Sources */,
				D0F9A8ED26E8F6BA008C4CAE /* AppDelegate.swift in Sources */,
			);
			runOnlyForDeploymentPostprocessing = 0;
		};
		D0F9A8FB26E8F6BD008C4CAE /* Sources */ = {
			isa = PBXSourcesBuildPhase;
			buildActionMask = 2147483647;
			files = (
				D0F9A90426E8F6BD008C4CAE /* SentryExampleTests.swift in Sources */,
			);
			runOnlyForDeploymentPostprocessing = 0;
		};
		D0F9A90626E8F6BD008C4CAE /* Sources */ = {
			isa = PBXSourcesBuildPhase;
			buildActionMask = 2147483647;
			files = (
				D0F9A90F26E8F6BD008C4CAE /* SentryExampleUITests.swift in Sources */,
			);
			runOnlyForDeploymentPostprocessing = 0;
		};
/* End PBXSourcesBuildPhase section */

/* Begin PBXTargetDependency section */
		D0F9A90126E8F6BD008C4CAE /* PBXTargetDependency */ = {
			isa = PBXTargetDependency;
			target = D0F9A8E826E8F6BA008C4CAE /* SentryExample */;
			targetProxy = D0F9A90026E8F6BD008C4CAE /* PBXContainerItemProxy */;
		};
		D0F9A90C26E8F6BD008C4CAE /* PBXTargetDependency */ = {
			isa = PBXTargetDependency;
			target = D0F9A8E826E8F6BA008C4CAE /* SentryExample */;
			targetProxy = D0F9A90B26E8F6BD008C4CAE /* PBXContainerItemProxy */;
		};
/* End PBXTargetDependency section */

/* Begin PBXVariantGroup section */
		D0F9A8F226E8F6BA008C4CAE /* Main.storyboard */ = {
			isa = PBXVariantGroup;
			children = (
				D0F9A8F326E8F6BA008C4CAE /* Base */,
			);
			name = Main.storyboard;
			sourceTree = "<group>";
		};
		D0F9A8F726E8F6BC008C4CAE /* LaunchScreen.storyboard */ = {
			isa = PBXVariantGroup;
			children = (
				D0F9A8F826E8F6BC008C4CAE /* Base */,
			);
			name = LaunchScreen.storyboard;
			sourceTree = "<group>";
		};
/* End PBXVariantGroup section */

/* Begin XCBuildConfiguration section */
		D0F9A91126E8F6BD008C4CAE /* Debug */ = {
			isa = XCBuildConfiguration;
			buildSettings = {
				ALWAYS_SEARCH_USER_PATHS = NO;
				CLANG_ANALYZER_NONNULL = YES;
				CLANG_ANALYZER_NUMBER_OBJECT_CONVERSION = YES_AGGRESSIVE;
				CLANG_CXX_LANGUAGE_STANDARD = "gnu++14";
				CLANG_CXX_LIBRARY = "libc++";
				CLANG_ENABLE_MODULES = YES;
				CLANG_ENABLE_OBJC_ARC = YES;
				CLANG_ENABLE_OBJC_WEAK = YES;
				CLANG_WARN_BLOCK_CAPTURE_AUTORELEASING = YES;
				CLANG_WARN_BOOL_CONVERSION = YES;
				CLANG_WARN_COMMA = YES;
				CLANG_WARN_CONSTANT_CONVERSION = YES;
				CLANG_WARN_DEPRECATED_OBJC_IMPLEMENTATIONS = YES;
				CLANG_WARN_DIRECT_OBJC_ISA_USAGE = YES_ERROR;
				CLANG_WARN_DOCUMENTATION_COMMENTS = YES;
				CLANG_WARN_EMPTY_BODY = YES;
				CLANG_WARN_ENUM_CONVERSION = YES;
				CLANG_WARN_INFINITE_RECURSION = YES;
				CLANG_WARN_INT_CONVERSION = YES;
				CLANG_WARN_NON_LITERAL_NULL_CONVERSION = YES;
				CLANG_WARN_OBJC_IMPLICIT_RETAIN_SELF = YES;
				CLANG_WARN_OBJC_LITERAL_CONVERSION = YES;
				CLANG_WARN_OBJC_ROOT_CLASS = YES_ERROR;
				CLANG_WARN_QUOTED_INCLUDE_IN_FRAMEWORK_HEADER = YES;
				CLANG_WARN_RANGE_LOOP_ANALYSIS = YES;
				CLANG_WARN_STRICT_PROTOTYPES = YES;
				CLANG_WARN_SUSPICIOUS_MOVE = YES;
				CLANG_WARN_UNGUARDED_AVAILABILITY = YES_AGGRESSIVE;
				CLANG_WARN_UNREACHABLE_CODE = YES;
				CLANG_WARN__DUPLICATE_METHOD_MATCH = YES;
				COPY_PHASE_STRIP = NO;
				DEBUG_INFORMATION_FORMAT = dwarf;
				ENABLE_STRICT_OBJC_MSGSEND = YES;
				ENABLE_TESTABILITY = YES;
				GCC_C_LANGUAGE_STANDARD = gnu11;
				GCC_DYNAMIC_NO_PIC = NO;
				GCC_NO_COMMON_BLOCKS = YES;
				GCC_OPTIMIZATION_LEVEL = 0;
				GCC_PREPROCESSOR_DEFINITIONS = (
					"DEBUG=1",
					"$(inherited)",
				);
				GCC_WARN_64_TO_32_BIT_CONVERSION = YES;
				GCC_WARN_ABOUT_RETURN_TYPE = YES_ERROR;
				GCC_WARN_UNDECLARED_SELECTOR = YES;
				GCC_WARN_UNINITIALIZED_AUTOS = YES_AGGRESSIVE;
				GCC_WARN_UNUSED_FUNCTION = YES;
				GCC_WARN_UNUSED_VARIABLE = YES;
				IPHONEOS_DEPLOYMENT_TARGET = 10.0;
				MTL_ENABLE_DEBUG_INFO = INCLUDE_SOURCE;
				MTL_FAST_MATH = YES;
				ONLY_ACTIVE_ARCH = YES;
				SDKROOT = iphoneos;
				SWIFT_ACTIVE_COMPILATION_CONDITIONS = DEBUG;
				SWIFT_OPTIMIZATION_LEVEL = "-Onone";
			};
			name = Debug;
		};
		D0F9A91226E8F6BD008C4CAE /* Release */ = {
			isa = XCBuildConfiguration;
			buildSettings = {
				ALWAYS_SEARCH_USER_PATHS = NO;
				CLANG_ANALYZER_NONNULL = YES;
				CLANG_ANALYZER_NUMBER_OBJECT_CONVERSION = YES_AGGRESSIVE;
				CLANG_CXX_LANGUAGE_STANDARD = "gnu++14";
				CLANG_CXX_LIBRARY = "libc++";
				CLANG_ENABLE_MODULES = YES;
				CLANG_ENABLE_OBJC_ARC = YES;
				CLANG_ENABLE_OBJC_WEAK = YES;
				CLANG_WARN_BLOCK_CAPTURE_AUTORELEASING = YES;
				CLANG_WARN_BOOL_CONVERSION = YES;
				CLANG_WARN_COMMA = YES;
				CLANG_WARN_CONSTANT_CONVERSION = YES;
				CLANG_WARN_DEPRECATED_OBJC_IMPLEMENTATIONS = YES;
				CLANG_WARN_DIRECT_OBJC_ISA_USAGE = YES_ERROR;
				CLANG_WARN_DOCUMENTATION_COMMENTS = YES;
				CLANG_WARN_EMPTY_BODY = YES;
				CLANG_WARN_ENUM_CONVERSION = YES;
				CLANG_WARN_INFINITE_RECURSION = YES;
				CLANG_WARN_INT_CONVERSION = YES;
				CLANG_WARN_NON_LITERAL_NULL_CONVERSION = YES;
				CLANG_WARN_OBJC_IMPLICIT_RETAIN_SELF = YES;
				CLANG_WARN_OBJC_LITERAL_CONVERSION = YES;
				CLANG_WARN_OBJC_ROOT_CLASS = YES_ERROR;
				CLANG_WARN_QUOTED_INCLUDE_IN_FRAMEWORK_HEADER = YES;
				CLANG_WARN_RANGE_LOOP_ANALYSIS = YES;
				CLANG_WARN_STRICT_PROTOTYPES = YES;
				CLANG_WARN_SUSPICIOUS_MOVE = YES;
				CLANG_WARN_UNGUARDED_AVAILABILITY = YES_AGGRESSIVE;
				CLANG_WARN_UNREACHABLE_CODE = YES;
				CLANG_WARN__DUPLICATE_METHOD_MATCH = YES;
				COPY_PHASE_STRIP = NO;
				DEBUG_INFORMATION_FORMAT = "dwarf-with-dsym";
				ENABLE_NS_ASSERTIONS = NO;
				ENABLE_STRICT_OBJC_MSGSEND = YES;
				GCC_C_LANGUAGE_STANDARD = gnu11;
				GCC_NO_COMMON_BLOCKS = YES;
				GCC_WARN_64_TO_32_BIT_CONVERSION = YES;
				GCC_WARN_ABOUT_RETURN_TYPE = YES_ERROR;
				GCC_WARN_UNDECLARED_SELECTOR = YES;
				GCC_WARN_UNINITIALIZED_AUTOS = YES_AGGRESSIVE;
				GCC_WARN_UNUSED_FUNCTION = YES;
				GCC_WARN_UNUSED_VARIABLE = YES;
				IPHONEOS_DEPLOYMENT_TARGET = 10.0;
				MTL_ENABLE_DEBUG_INFO = NO;
				MTL_FAST_MATH = YES;
				SDKROOT = iphoneos;
				SWIFT_COMPILATION_MODE = wholemodule;
				SWIFT_OPTIMIZATION_LEVEL = "-O";
				VALIDATE_PRODUCT = YES;
			};
			name = Release;
		};
		D0F9A91426E8F6BD008C4CAE /* Debug */ = {
			isa = XCBuildConfiguration;
			baseConfigurationReference = 6BB96B8BBBDA00B6DA4314C5 /* Pods-SentryExample.debug.xcconfig */;
			buildSettings = {
				ASSETCATALOG_COMPILER_APPICON_NAME = AppIcon;
				ASSETCATALOG_COMPILER_GLOBAL_ACCENT_COLOR_NAME = AccentColor;
				CODE_SIGN_STYLE = Automatic;
				DEVELOPMENT_TEAM = V54G9YU46B;
				INFOPLIST_FILE = SentryExample/Info.plist;
				LD_RUNPATH_SEARCH_PATHS = (
					"$(inherited)",
					"@executable_path/Frameworks",
				);
				PRODUCT_BUNDLE_IDENTIFIER = com.faraz.geeolocation.SentryExample;
				PRODUCT_NAME = "$(TARGET_NAME)";
				SWIFT_VERSION = 5.0;
				TARGETED_DEVICE_FAMILY = "1,2";
			};
			name = Debug;
		};
		D0F9A91526E8F6BD008C4CAE /* Release */ = {
			isa = XCBuildConfiguration;
			baseConfigurationReference = 799A78EBA919B5163D184982 /* Pods-SentryExample.release.xcconfig */;
			buildSettings = {
				ASSETCATALOG_COMPILER_APPICON_NAME = AppIcon;
				ASSETCATALOG_COMPILER_GLOBAL_ACCENT_COLOR_NAME = AccentColor;
				CODE_SIGN_STYLE = Automatic;
				DEVELOPMENT_TEAM = V54G9YU46B;
				INFOPLIST_FILE = SentryExample/Info.plist;
				LD_RUNPATH_SEARCH_PATHS = (
					"$(inherited)",
					"@executable_path/Frameworks",
				);
				PRODUCT_BUNDLE_IDENTIFIER = com.faraz.geeolocation.SentryExample;
				PRODUCT_NAME = "$(TARGET_NAME)";
				SWIFT_VERSION = 5.0;
				TARGETED_DEVICE_FAMILY = "1,2";
			};
			name = Release;
		};
		D0F9A91726E8F6BD008C4CAE /* Debug */ = {
			isa = XCBuildConfiguration;
			buildSettings = {
				ALWAYS_EMBED_SWIFT_STANDARD_LIBRARIES = YES;
				BUNDLE_LOADER = "$(TEST_HOST)";
				CODE_SIGN_STYLE = Automatic;
				DEVELOPMENT_TEAM = V54G9YU46B;
				INFOPLIST_FILE = SentryExampleTests/Info.plist;
				IPHONEOS_DEPLOYMENT_TARGET = 14.5;
				LD_RUNPATH_SEARCH_PATHS = (
					"$(inherited)",
					"@executable_path/Frameworks",
					"@loader_path/Frameworks",
				);
				PRODUCT_BUNDLE_IDENTIFIER = com.faraz.geolocation.SentryExampleTests;
				PRODUCT_NAME = "$(TARGET_NAME)";
				SWIFT_VERSION = 5.0;
				TARGETED_DEVICE_FAMILY = "1,2";
				TEST_HOST = "$(BUILT_PRODUCTS_DIR)/SentryExample.app/SentryExample";
			};
			name = Debug;
		};
		D0F9A91826E8F6BD008C4CAE /* Release */ = {
			isa = XCBuildConfiguration;
			buildSettings = {
				ALWAYS_EMBED_SWIFT_STANDARD_LIBRARIES = YES;
				BUNDLE_LOADER = "$(TEST_HOST)";
				CODE_SIGN_STYLE = Automatic;
				DEVELOPMENT_TEAM = V54G9YU46B;
				INFOPLIST_FILE = SentryExampleTests/Info.plist;
				IPHONEOS_DEPLOYMENT_TARGET = 14.5;
				LD_RUNPATH_SEARCH_PATHS = (
					"$(inherited)",
					"@executable_path/Frameworks",
					"@loader_path/Frameworks",
				);
				PRODUCT_BUNDLE_IDENTIFIER = com.faraz.geolocation.SentryExampleTests;
				PRODUCT_NAME = "$(TARGET_NAME)";
				SWIFT_VERSION = 5.0;
				TARGETED_DEVICE_FAMILY = "1,2";
				TEST_HOST = "$(BUILT_PRODUCTS_DIR)/SentryExample.app/SentryExample";
			};
			name = Release;
		};
		D0F9A91A26E8F6BD008C4CAE /* Debug */ = {
			isa = XCBuildConfiguration;
			buildSettings = {
				ALWAYS_EMBED_SWIFT_STANDARD_LIBRARIES = YES;
				CODE_SIGN_STYLE = Automatic;
				DEVELOPMENT_TEAM = V54G9YU46B;
				INFOPLIST_FILE = SentryExampleUITests/Info.plist;
				LD_RUNPATH_SEARCH_PATHS = (
					"$(inherited)",
					"@executable_path/Frameworks",
					"@loader_path/Frameworks",
				);
				PRODUCT_BUNDLE_IDENTIFIER = com.faraz.geolocation.SentryExampleUITests;
				PRODUCT_NAME = "$(TARGET_NAME)";
				SWIFT_VERSION = 5.0;
				TARGETED_DEVICE_FAMILY = "1,2";
				TEST_TARGET_NAME = SentryExample;
			};
			name = Debug;
		};
		D0F9A91B26E8F6BD008C4CAE /* Release */ = {
			isa = XCBuildConfiguration;
			buildSettings = {
				ALWAYS_EMBED_SWIFT_STANDARD_LIBRARIES = YES;
				CODE_SIGN_STYLE = Automatic;
				DEVELOPMENT_TEAM = V54G9YU46B;
				INFOPLIST_FILE = SentryExampleUITests/Info.plist;
				LD_RUNPATH_SEARCH_PATHS = (
					"$(inherited)",
					"@executable_path/Frameworks",
					"@loader_path/Frameworks",
				);
				PRODUCT_BUNDLE_IDENTIFIER = com.faraz.geolocation.SentryExampleUITests;
				PRODUCT_NAME = "$(TARGET_NAME)";
				SWIFT_VERSION = 5.0;
				TARGETED_DEVICE_FAMILY = "1,2";
				TEST_TARGET_NAME = SentryExample;
			};
			name = Release;
		};
/* End XCBuildConfiguration section */

/* Begin XCConfigurationList section */
		D0F9A8E426E8F6BA008C4CAE /* Build configuration list for PBXProject "SentryExample" */ = {
			isa = XCConfigurationList;
			buildConfigurations = (
				D0F9A91126E8F6BD008C4CAE /* Debug */,
				D0F9A91226E8F6BD008C4CAE /* Release */,
			);
			defaultConfigurationIsVisible = 0;
			defaultConfigurationName = Release;
		};
		D0F9A91326E8F6BD008C4CAE /* Build configuration list for PBXNativeTarget "SentryExample" */ = {
			isa = XCConfigurationList;
			buildConfigurations = (
				D0F9A91426E8F6BD008C4CAE /* Debug */,
				D0F9A91526E8F6BD008C4CAE /* Release */,
			);
			defaultConfigurationIsVisible = 0;
			defaultConfigurationName = Release;
		};
		D0F9A91626E8F6BD008C4CAE /* Build configuration list for PBXNativeTarget "SentryExampleTests" */ = {
			isa = XCConfigurationList;
			buildConfigurations = (
				D0F9A91726E8F6BD008C4CAE /* Debug */,
				D0F9A91826E8F6BD008C4CAE /* Release */,
			);
			defaultConfigurationIsVisible = 0;
			defaultConfigurationName = Release;
		};
		D0F9A91926E8F6BD008C4CAE /* Build configuration list for PBXNativeTarget "SentryExampleUITests" */ = {
			isa = XCConfigurationList;
			buildConfigurations = (
				D0F9A91A26E8F6BD008C4CAE /* Debug */,
				D0F9A91B26E8F6BD008C4CAE /* Release */,
			);
			defaultConfigurationIsVisible = 0;
			defaultConfigurationName = Release;
		};
/* End XCConfigurationList section */
	};
	rootObject = D0F9A8E126E8F6BA008C4CAE /* Project object */;
}
